Microsoft Visual Studio Solution File, Format Version 11.00
# Visual Studio 2008

Project("{E74E71F8-2CCD-3157-0BA9-0EA9B386EBF3}") = "TestProject_Dantsev", "Assembly-CSharp-vs.csproj", "{007A9CE6-78FB-A4D0-6969-4A17EC3B845A}"
EndProject
Global
	GlobalSection(SolutionConfigurationPlatforms) = preSolution
		Debug|Any CPU = Debug|Any CPU
		Release|Any CPU = Release|Any CPU
	EndGlobalSection
	GlobalSection(ProjectConfigurationPlatforms) = postSolution
		{007A9CE6-78FB-A4D0-6969-4A17EC3B845A}.Debug|Any CPU.ActiveCfg = Debug|Any CPU
		{007A9CE6-78FB-A4D0-6969-4A17EC3B845A}.Debug|Any CPU.Build.0 = Debug|Any CPU
		{007A9CE6-78FB-A4D0-6969-4A17EC3B845A}.Release|Any CPU.ActiveCfg = Release|Any CPU
		{007A9CE6-78FB-A4D0-6969-4A17EC3B845A}.Release|Any CPU.Build.0 = Release|Any CPU
	EndGlobalSection
	GlobalSection(SolutionProperties) = preSolution
		HideSolutionNode = FALSE
	EndGlobalSection
																																																					GlobalSection(MonoDevelopProperties) = preSolution
		StartupItem = Assembly-CSharp.csproj
		Policies = $0
		$0.TextStylePolicy = $1
		$1.inheritsSet = null
		$1.scope = text/x-csharp
		$0.CSharpFormattingPolicy = $2
		$2.inheritsSet = Mono
		$2.inheritsScope = text/x-csharp
		$2.scope = text/x-csharp
		$0.TextStylePolicy = $3
		$3.FileWidth = 120
		$3.TabWidth = 4
		$3.IndentWidth = 4
		$3.EolMarker = Unix
		$3.inheritsSet = Mono
		$3.inheritsScope = text/plain
		$3.scope = text/plain
	EndGlobalSection

EndGlobal
